{
  "name": "curso-nodejs",
  "version": "0.0.1",
  "lockfileVersion": 1,
  "requires": true,
  "dependencies": {
    "countries-list": {
      "version": "2.5.2",
      "resolved": "https://registry.npmjs.org/countries-list/-/countries-list-2.5.2.tgz",
      "integrity": "sha512-AzxIfHWAPoxdRM3yqj0eMPtj+AWhZg+1KdeR0kZlt1B8tODiWXjhk2l3fZYMdfOzJ+GG6W9LrtWutJRJid3Rcg=="
    }
  }
}
